// !$*UTF8*$!
{
	archiveVersion = 1;
	classes = {
	};
	objectVersion = 54;
	objects = {

/* Begin PBXAggregateTarget section */
		BA3EBF2FB1BA44DAA168A6C4 /* ZERO_CHECK */ = {
			isa = PBXAggregateTarget;
			buildConfigurationList = A8AE7E8BA1334A5A971D4ADD /* Build configuration list for PBXAggregateTarget "ZERO_CHECK" */;
			buildPhases = (
				77C8AC94E6D1466BB166D6FF /* Generate CMakeFiles/ZERO_CHECK */,
			);
			dependencies = (
			);
			name = ZERO_CHECK;
			productName = ZERO_CHECK;
		};
		F088B09FBC3C46E6AD5099E4 /* ALL_BUILD */ = {
			isa = PBXAggregateTarget;
			buildConfigurationList = 9D28DE57A6E14593A6F8A3B7 /* Build configuration list for PBXAggregateTarget "ALL_BUILD" */;
			buildPhases = (
				ABCB126A03CA4345B85A74E5 /* Generate CMakeFiles/ALL_BUILD */,
			);
			dependencies = (
				2EE0486558A6456EA1029370 /* PBXTargetDependency */,
				9899665D521B4D3694C13600 /* PBXTargetDependency */,
			);
			name = ALL_BUILD;
			productName = ALL_BUILD;
		};
/* End PBXAggregateTarget section */

/* Begin PBXBuildFile section */
		F9B9C643036448419AF94133 /* kcp.c in Sources */ = {isa = PBXBuildFile; fileRef = 7F14FF6FD14049649C4222EA /* kcp.c */; };
/* End PBXBuildFile section */

/* Begin PBXContainerItemProxy section */
		67F988E5F7E1460A8A7787CE /* PBXContainerItemProxy */ = {
			isa = PBXContainerItemProxy;
			containerPortal = D5EC753DF81A4CD198D9D538 /* Project object */;
			proxyType = 1;
			remoteGlobalIDString = BA3EBF2FB1BA44DAA168A6C4;
			remoteInfo = ZERO_CHECK;
		};
		AC3537211FF24CB79B2596BE /* PBXContainerItemProxy */ = {
			isa = PBXContainerItemProxy;
			containerPortal = D5EC753DF81A4CD198D9D538 /* Project object */;
			proxyType = 1;
			remoteGlobalIDString = BA3EBF2FB1BA44DAA168A6C4;
			remoteInfo = ZERO_CHECK;
		};
		CB8B5CA92CF342ACAB63BC1C /* PBXContainerItemProxy */ = {
			isa = PBXContainerItemProxy;
			containerPortal = D5EC753DF81A4CD198D9D538 /* Project object */;
			proxyType = 1;
			remoteGlobalIDString = D6A98EA306CE4EFA827B2DA1;
			remoteInfo = kcp;
		};
/* End PBXContainerItemProxy section */

/* Begin PBXFileReference section */
		07C2C92219B34C5BBE9693E4 /* CMakeLists.txt */ = {isa = PBXFileReference; explicitFileType = sourcecode.text; fileEncoding = 4; lastKnownFileType = text; path = CMakeLists.txt; sourceTree = SOURCE_ROOT; };
		371AE45496B047BB8490FEDF /* kcp.bundle */ = {isa = PBXFileReference; explicitFileType = wrapper.cfbundle; path = kcp.bundle; sourceTree = BUILT_PRODUCTS_DIR; };
		7F14FF6FD14049649C4222EA /* kcp.c */ = {isa = PBXFileReference; explicitFileType = sourcecode.c.c; fileEncoding = 4; name = kcp.c; path = jni/kcp.c; sourceTree = SOURCE_ROOT; };
		8F9729822E2E4167A12413E5 /* CMakeLists.txt */ = {isa = PBXFileReference; explicitFileType = sourcecode.text; fileEncoding = 4; lastKnownFileType = text; path = CMakeLists.txt; sourceTree = SOURCE_ROOT; };
/* End PBXFileReference section */

/* Begin PBXFrameworksBuildPhase section */
		518DE201BC4B49C2AF999708 /* Frameworks */ = {
			isa = PBXFrameworksBuildPhase;
			buildActionMask = 2147483647;
			files = (
			);
			runOnlyForDeploymentPostprocessing = 0;
		};
/* End PBXFrameworksBuildPhase section */

/* Begin PBXGroup section */
		20CCEC40F7E244BCB78330BD /* jni */ = {
			isa = PBXGroup;
			children = (
				7F14FF6FD14049649C4222EA /* kcp.c */,
			);
			name = jni;
			sourceTree = "<group>";
		};
		3ABA6CD6DCEC49DCB2EB2A15 /* Products */ = {
			isa = PBXGroup;
			children = (
				371AE45496B047BB8490FEDF /* kcp.bundle */,
			);
			name = Products;
			sourceTree = "<group>";
		};
		5CF5EBE8C5A247628621C175 /* CMake Rules */ = {
			isa = PBXGroup;
			children = (
			);
			name = "CMake Rules";
			sourceTree = "<group>";
		};
		72739B3527AA4514B2E4A59B /* ALL_BUILD */ = {
			isa = PBXGroup;
			children = (
				5CF5EBE8C5A247628621C175 /* CMake Rules */,
				07C2C92219B34C5BBE9693E4 /* CMakeLists.txt */,
			);
			name = ALL_BUILD;
			sourceTree = "<group>";
		};
		B8C0B2015025446A89A62A82 /* kcp */ = {
			isa = PBXGroup;
			children = (
				20CCEC40F7E244BCB78330BD /* jni */,
				8F9729822E2E4167A12413E5 /* CMakeLists.txt */,
			);
			name = kcp;
			sourceTree = "<group>";
		};
		B91171B10554465DBC9EFC15 /* Frameworks */ = {
			isa = PBXGroup;
			children = (
			);
			name = Frameworks;
			sourceTree = "<group>";
		};
		C70B4DD4AEB84C979950F706 = {
			isa = PBXGroup;
			children = (
				B8C0B2015025446A89A62A82 /* kcp */,
				72739B3527AA4514B2E4A59B /* ALL_BUILD */,
				3ABA6CD6DCEC49DCB2EB2A15 /* Products */,
				B91171B10554465DBC9EFC15 /* Frameworks */,
			);
			sourceTree = "<group>";
		};
/* End PBXGroup section */

/* Begin PBXNativeTarget section */
		D6A98EA306CE4EFA827B2DA1 /* kcp */ = {
			isa = PBXNativeTarget;
			buildConfigurationList = BB810C44D75B438BB25D8E11 /* Build configuration list for PBXNativeTarget "kcp" */;
			buildPhases = (
				DA3BE585744F436BA467C788 /* Sources */,
				518DE201BC4B49C2AF999708 /* Frameworks */,
			);
			buildRules = (
			);
			dependencies = (
				9B7E5226B3F74574B51DF5DA /* PBXTargetDependency */,
			);
			name = kcp;
			productName = kcp;
			productReference = 371AE45496B047BB8490FEDF /* kcp.bundle */;
			productType = "com.apple.product-type.bundle";
		};
/* End PBXNativeTarget section */

/* Begin PBXProject section */
		D5EC753DF81A4CD198D9D538 /* Project object */ = {
			isa = PBXProject;
			attributes = {
				LastUpgradeCheck = 1230;
			};
			buildConfigurationList = 5DB633E1958B40D1A5D421C8 /* Build configuration list for PBXProject "kcp" */;
			compatibilityVersion = "Xcode 3.2";
			developmentRegion = en;
			hasScannedForEncodings = 0;
			knownRegions = (
				en,
				Base,
			);
			mainGroup = C70B4DD4AEB84C979950F706;
			projectDirPath = ../;
			projectRoot = "";
			targets = (
				F088B09FBC3C46E6AD5099E4 /* ALL_BUILD */,
				BA3EBF2FB1BA44DAA168A6C4 /* ZERO_CHECK */,
				D6A98EA306CE4EFA827B2DA1 /* kcp */,
			);
		};
/* End PBXProject section */

/* Begin PBXShellScriptBuildPhase section */
		77C8AC94E6D1466BB166D6FF /* Generate CMakeFiles/ZERO_CHECK */ = {
			isa = PBXShellScriptBuildPhase;
			alwaysOutOfDate = 1;
			buildActionMask = 2147483647;
			files = (
			);
			inputPaths = (
			);
			name = "Generate CMakeFiles/ZERO_CHECK";
			outputPaths = (
				"/Users/zhangyinan/Project/kcp-bulild/MacOSBuild/CMakeFiles/ZERO_CHECK",
			);
			runOnlyForDeploymentPostprocessing = 0;
			shellPath = /bin/sh;
			shellScript = "set -e\nif test \"$CONFIGURATION\" = \"Debug\"; then :\n  cd /Users/zhangyinan/Project/kcp-bulild/MacOSBuild\n  make -f /Users/zhangyinan/Project/kcp-bulild/MacOSBuild/CMakeScripts/ReRunCMake.make\nfi\nif test \"$CONFIGURATION\" = \"Release\"; then :\n  cd /Users/zhangyinan/Project/kcp-bulild/MacOSBuild\n  make -f /Users/zhangyinan/Project/kcp-bulild/MacOSBuild/CMakeScripts/ReRunCMake.make\nfi\nif test \"$CONFIGURATION\" = \"MinSizeRel\"; then :\n  cd /Users/zhangyinan/Project/kcp-bulild/MacOSBuild\n  make -f /Users/zhangyinan/Project/kcp-bulild/MacOSBuild/CMakeScripts/ReRunCMake.make\nfi\nif test \"$CONFIGURATION\" = \"RelWithDebInfo\"; then :\n  cd /Users/zhangyinan/Project/kcp-bulild/MacOSBuild\n  make -f /Users/zhangyinan/Project/kcp-bulild/MacOSBuild/CMakeScripts/ReRunCMake.make\nfi\n";
			showEnvVarsInLog = 0;
		};
		ABCB126A03CA4345B85A74E5 /* Generate CMakeFiles/ALL_BUILD */ = {
			isa = PBXShellScriptBuildPhase;
			alwaysOutOfDate = 1;
			buildActionMask = 2147483647;
			files = (
			);
			inputPaths = (
			);
			name = "Generate CMakeFiles/ALL_BUILD";
			outputPaths = (
				"/Users/zhangyinan/Project/kcp-bulild/MacOSBuild/CMakeFiles/ALL_BUILD",
			);
			runOnlyForDeploymentPostprocessing = 0;
			shellPath = /bin/sh;
			shellScript = "set -e\nif test \"$CONFIGURATION\" = \"Debug\"; then :\n  cd /Users/zhangyinan/Project/kcp-bulild/MacOSBuild\n  echo Build\\ all\\ projects\nfi\nif test \"$CONFIGURATION\" = \"Release\"; then :\n  cd /Users/zhangyinan/Project/kcp-bulild/MacOSBuild\n  echo Build\\ all\\ projects\nfi\nif test \"$CONFIGURATION\" = \"MinSizeRel\"; then :\n  cd /Users/zhangyinan/Project/kcp-bulild/MacOSBuild\n  echo Build\\ all\\ projects\nfi\nif test \"$CONFIGURATION\" = \"RelWithDebInfo\"; then :\n  cd /Users/zhangyinan/Project/kcp-bulild/MacOSBuild\n  echo Build\\ all\\ projects\nfi\n";
			showEnvVarsInLog = 0;
		};
/* End PBXShellScriptBuildPhase section */

/* Begin PBXSourcesBuildPhase section */
		DA3BE585744F436BA467C788 /* Sources */ = {
			isa = PBXSourcesBuildPhase;
			buildActionMask = 2147483647;
			files = (
				F9B9C643036448419AF94133 /* kcp.c in Sources */,
			);
			runOnlyForDeploymentPostprocessing = 0;
		};
/* End PBXSourcesBuildPhase section */

/* Begin PBXTargetDependency section */
		2EE0486558A6456EA1029370 /* PBXTargetDependency */ = {
			isa = PBXTargetDependency;
			target = D6A98EA306CE4EFA827B2DA1 /* kcp */;
			targetProxy = CB8B5CA92CF342ACAB63BC1C /* PBXContainerItemProxy */;
		};
		9899665D521B4D3694C13600 /* PBXTargetDependency */ = {
			isa = PBXTargetDependency;
			target = BA3EBF2FB1BA44DAA168A6C4 /* ZERO_CHECK */;
			targetProxy = AC3537211FF24CB79B2596BE /* PBXContainerItemProxy */;
		};
		9B7E5226B3F74574B51DF5DA /* PBXTargetDependency */ = {
			isa = PBXTargetDependency;
			target = BA3EBF2FB1BA44DAA168A6C4 /* ZERO_CHECK */;
			targetProxy = 67F988E5F7E1460A8A7787CE /* PBXContainerItemProxy */;
		};
/* End PBXTargetDependency section */

/* Begin XCBuildConfiguration section */
		01F37108E04246E9A0DBF88C /* Release */ = {
			isa = XCBuildConfiguration;
			buildSettings = {
				COMBINE_HIDPI_IMAGES = YES;
				GCC_GENERATE_DEBUGGING_SYMBOLS = YES;
				GCC_INLINES_ARE_PRIVATE_EXTERN = NO;
				GCC_OPTIMIZATION_LEVEL = 0;
				GCC_PREPROCESSOR_DEFINITIONS = "'CMAKE_INTDIR=\"$(CONFIGURATION)$(EFFECTIVE_PLATFORM_NAME)\"'";
				GCC_SYMBOLS_PRIVATE_EXTERN = NO;
				INSTALL_PATH = "";
				ONLY_ACTIVE_ARCH = YES;
				OTHER_LDFLAGS = "";
				OTHER_REZFLAGS = "";
				PRODUCT_NAME = ZERO_CHECK;
				SECTORDER_FLAGS = "";
				SYMROOT = "/Users/zhangyinan/Project/kcp-bulild/MacOSBuild";
				USE_HEADERMAP = NO;
				WARNING_CFLAGS = "$(inherited)";
			};
			name = Release;
		};
		06EABCB8CC3448B190E4D233 /* MinSizeRel */ = {
			isa = XCBuildConfiguration;
			buildSettings = {
				ARCHS = "$(ARCHS_STANDARD)";
				COMBINE_HIDPI_IMAGES = YES;
				EXECUTABLE_PREFIX = "";
				EXECUTABLE_SUFFIX = "";
				FRAMEWORK_SEARCH_PATHS = "$(inherited)";
				GCC_GENERATE_DEBUGGING_SYMBOLS = NO;
				GCC_INLINES_ARE_PRIVATE_EXTERN = NO;
				GCC_OPTIMIZATION_LEVEL = s;
				GCC_PREPROCESSOR_DEFINITIONS = (
					"'CMAKE_INTDIR=\"$(CONFIGURATION)$(EFFECTIVE_PLATFORM_NAME)\"'",
					kcp_EXPORTS,
				);
				GCC_SYMBOLS_PRIVATE_EXTERN = NO;
				INFOPLIST_FILE = "/Users/zhangyinan/Project/kcp-bulild/MacOSBuild/CMakeFiles/kcp.dir/Info.plist";
				INSTALL_PATH = "";
				LIBRARY_SEARCH_PATHS = "$(inherited)";
				LIBRARY_STYLE = BUNDLE;
				ONLY_ACTIVE_ARCH = YES;
				OTHER_CFLAGS = (
					"-DNDEBUG",
					"-fPIC",
				);
				OTHER_LDFLAGS = (
					"-bundle",
					"-Wl,-headerpad_max_install_names",
				);
				OTHER_REZFLAGS = "";
				PRODUCT_NAME = kcp;
				SECTORDER_FLAGS = "";
				SYMROOT = "/Users/zhangyinan/Project/kcp-bulild/MacOSBuild";
				USE_HEADERMAP = NO;
				WARNING_CFLAGS = "$(inherited)";
			};
			name = MinSizeRel;
		};
		0CE21501F03F49C98BC18967 /* MinSizeRel */ = {
			isa = XCBuildConfiguration;
			buildSettings = {
				ARCHS = "$(ARCHS_STANDARD)";
				MACOSX_DEPLOYMENT_TARGET = 11.0;
				SDKROOT = /Users/zhangyinan/Downloads/Xcode.app/Contents/Developer/Platforms/MacOSX.platform/Developer/SDKs/MacOSX11.1.sdk;
				SYMROOT = "/Users/zhangyinan/Project/kcp-bulild/MacOSBuild/build";
			};
			name = MinSizeRel;
		};
		0DA91E31C85B426088C7909E /* Debug */ = {
			isa = XCBuildConfiguration;
			buildSettings = {
				COMBINE_HIDPI_IMAGES = YES;
				GCC_GENERATE_DEBUGGING_SYMBOLS = YES;
				GCC_INLINES_ARE_PRIVATE_EXTERN = NO;
				GCC_OPTIMIZATION_LEVEL = 0;
				GCC_PREPROCESSOR_DEFINITIONS = "'CMAKE_INTDIR=\"$(CONFIGURATION)$(EFFECTIVE_PLATFORM_NAME)\"'";
				GCC_SYMBOLS_PRIVATE_EXTERN = NO;
				INSTALL_PATH = "";
				ONLY_ACTIVE_ARCH = YES;
				OTHER_LDFLAGS = "";
				OTHER_REZFLAGS = "";
				PRODUCT_NAME = ZERO_CHECK;
				SECTORDER_FLAGS = "";
				SYMROOT = "/Users/zhangyinan/Project/kcp-bulild/MacOSBuild";
				USE_HEADERMAP = NO;
				WARNING_CFLAGS = "$(inherited)";
			};
			name = Debug;
		};
		18263A89991743E4AF09DB1B /* RelWithDebInfo */ = {
			isa = XCBuildConfiguration;
			buildSettings = {
				COMBINE_HIDPI_IMAGES = YES;
				GCC_GENERATE_DEBUGGING_SYMBOLS = YES;
				GCC_INLINES_ARE_PRIVATE_EXTERN = NO;
				GCC_OPTIMIZATION_LEVEL = 0;
				GCC_PREPROCESSOR_DEFINITIONS = "'CMAKE_INTDIR=\"$(CONFIGURATION)$(EFFECTIVE_PLATFORM_NAME)\"'";
				GCC_SYMBOLS_PRIVATE_EXTERN = NO;
				INSTALL_PATH = "";
				ONLY_ACTIVE_ARCH = YES;
				OTHER_LDFLAGS = "";
				OTHER_REZFLAGS = "";
				PRODUCT_NAME = ALL_BUILD;
				SECTORDER_FLAGS = "";
				SYMROOT = "/Users/zhangyinan/Project/kcp-bulild/MacOSBuild";
				USE_HEADERMAP = NO;
				WARNING_CFLAGS = "$(inherited)";
			};
			name = RelWithDebInfo;
		};
		5292716EB78646DA9CA53679 /* RelWithDebInfo */ = {
			isa = XCBuildConfiguration;
			buildSettings = {
				ARCHS = "$(ARCHS_STANDARD)";
				COMBINE_HIDPI_IMAGES = YES;
				EXECUTABLE_PREFIX = "";
				EXECUTABLE_SUFFIX = "";
				FRAMEWORK_SEARCH_PATHS = "$(inherited)";
				GCC_GENERATE_DEBUGGING_SYMBOLS = YES;
				GCC_INLINES_ARE_PRIVATE_EXTERN = NO;
				GCC_OPTIMIZATION_LEVEL = 2;
				GCC_PREPROCESSOR_DEFINITIONS = (
					"'CMAKE_INTDIR=\"$(CONFIGURATION)$(EFFECTIVE_PLATFORM_NAME)\"'",
					kcp_EXPORTS,
				);
				GCC_SYMBOLS_PRIVATE_EXTERN = NO;
				INFOPLIST_FILE = "/Users/zhangyinan/Project/kcp-bulild/MacOSBuild/CMakeFiles/kcp.dir/Info.plist";
				INSTALL_PATH = "";
				LIBRARY_SEARCH_PATHS = "$(inherited)";
				LIBRARY_STYLE = BUNDLE;
				ONLY_ACTIVE_ARCH = YES;
				OTHER_CFLAGS = (
					"-DNDEBUG",
					"-fPIC",
				);
				OTHER_LDFLAGS = (
					"-bundle",
					"-Wl,-headerpad_max_install_names",
				);
				OTHER_REZFLAGS = "";
				PRODUCT_NAME = kcp;
				SECTORDER_FLAGS = "";
				SYMROOT = "/Users/zhangyinan/Project/kcp-bulild/MacOSBuild";
				USE_HEADERMAP = NO;
				WARNING_CFLAGS = "$(inherited)";
			};
			name = RelWithDebInfo;
		};
		5EB5FB42A4F34171B7B05B9F /* Debug */ = {
			isa = XCBuildConfiguration;
			buildSettings = {
				COMBINE_HIDPI_IMAGES = YES;
				GCC_GENERATE_DEBUGGING_SYMBOLS = YES;
				GCC_INLINES_ARE_PRIVATE_EXTERN = NO;
				GCC_OPTIMIZATION_LEVEL = 0;
				GCC_PREPROCESSOR_DEFINITIONS = "'CMAKE_INTDIR=\"$(CONFIGURATION)$(EFFECTIVE_PLATFORM_NAME)\"'";
				GCC_SYMBOLS_PRIVATE_EXTERN = NO;
				INSTALL_PATH = "";
				ONLY_ACTIVE_ARCH = YES;
				OTHER_LDFLAGS = "";
				OTHER_REZFLAGS = "";
				PRODUCT_NAME = ALL_BUILD;
				SECTORDER_FLAGS = "";
				SYMROOT = "/Users/zhangyinan/Project/kcp-bulild/MacOSBuild";
				USE_HEADERMAP = NO;
				WARNING_CFLAGS = "$(inherited)";
			};
			name = Debug;
		};
		5F5E2BB1960143FDA0B10326 /* RelWithDebInfo */ = {
			isa = XCBuildConfiguration;
			buildSettings = {
				COMBINE_HIDPI_IMAGES = YES;
				GCC_GENERATE_DEBUGGING_SYMBOLS = YES;
				GCC_INLINES_ARE_PRIVATE_EXTERN = NO;
				GCC_OPTIMIZATION_LEVEL = 0;
				GCC_PREPROCESSOR_DEFINITIONS = "'CMAKE_INTDIR=\"$(CONFIGURATION)$(EFFECTIVE_PLATFORM_NAME)\"'";
				GCC_SYMBOLS_PRIVATE_EXTERN = NO;
				INSTALL_PATH = "";
				ONLY_ACTIVE_ARCH = YES;
				OTHER_LDFLAGS = "";
				OTHER_REZFLAGS = "";
				PRODUCT_NAME = ZERO_CHECK;
				SECTORDER_FLAGS = "";
				SYMROOT = "/Users/zhangyinan/Project/kcp-bulild/MacOSBuild";
				USE_HEADERMAP = NO;
				WARNING_CFLAGS = "$(inherited)";
			};
			name = RelWithDebInfo;
		};
		76B692BFE3FE493EADD9F85E /* Release */ = {
			isa = XCBuildConfiguration;
			buildSettings = {
				ARCHS = "$(ARCHS_STANDARD)";
				MACOSX_DEPLOYMENT_TARGET = 11.0;
				SDKROOT = /Users/zhangyinan/Downloads/Xcode.app/Contents/Developer/Platforms/MacOSX.platform/Developer/SDKs/MacOSX11.1.sdk;
				SYMROOT = "/Users/zhangyinan/Project/kcp-bulild/MacOSBuild/build";
			};
			name = Release;
		};
		7E09A9DF1C2D401DB102CA46 /* Debug */ = {
			isa = XCBuildConfiguration;
			buildSettings = {
				ARCHS = "$(ARCHS_STANDARD)";
				MACOSX_DEPLOYMENT_TARGET = 11.0;
				SDKROOT = /Users/zhangyinan/Downloads/Xcode.app/Contents/Developer/Platforms/MacOSX.platform/Developer/SDKs/MacOSX11.1.sdk;
				SYMROOT = "/Users/zhangyinan/Project/kcp-bulild/MacOSBuild/build";
			};
			name = Debug;
		};
		9486B0EBAD4E4668BB3BB586 /* MinSizeRel */ = {
			isa = XCBuildConfiguration;
			buildSettings = {
				COMBINE_HIDPI_IMAGES = YES;
				GCC_GENERATE_DEBUGGING_SYMBOLS = YES;
				GCC_INLINES_ARE_PRIVATE_EXTERN = NO;
				GCC_OPTIMIZATION_LEVEL = 0;
				GCC_PREPROCESSOR_DEFINITIONS = "'CMAKE_INTDIR=\"$(CONFIGURATION)$(EFFECTIVE_PLATFORM_NAME)\"'";
				GCC_SYMBOLS_PRIVATE_EXTERN = NO;
				INSTALL_PATH = "";
				ONLY_ACTIVE_ARCH = YES;
				OTHER_LDFLAGS = "";
				OTHER_REZFLAGS = "";
				PRODUCT_NAME = ALL_BUILD;
				SECTORDER_FLAGS = "";
				SYMROOT = "/Users/zhangyinan/Project/kcp-bulild/MacOSBuild";
				USE_HEADERMAP = NO;
				WARNING_CFLAGS = "$(inherited)";
			};
			name = MinSizeRel;
		};
		9D5DA1EC2A1F4D16B331C4C5 /* MinSizeRel */ = {
			isa = XCBuildConfiguration;
			buildSettings = {
				COMBINE_HIDPI_IMAGES = YES;
				GCC_GENERATE_DEBUGGING_SYMBOLS = YES;
				GCC_INLINES_ARE_PRIVATE_EXTERN = NO;
				GCC_OPTIMIZATION_LEVEL = 0;
				GCC_PREPROCESSOR_DEFINITIONS = "'CMAKE_INTDIR=\"$(CONFIGURATION)$(EFFECTIVE_PLATFORM_NAME)\"'";
				GCC_SYMBOLS_PRIVATE_EXTERN = NO;
				INSTALL_PATH = "";
				ONLY_ACTIVE_ARCH = YES;
				OTHER_LDFLAGS = "";
				OTHER_REZFLAGS = "";
				PRODUCT_NAME = ZERO_CHECK;
				SECTORDER_FLAGS = "";
				SYMROOT = "/Users/zhangyinan/Project/kcp-bulild/MacOSBuild";
				USE_HEADERMAP = NO;
				WARNING_CFLAGS = "$(inherited)";
			};
			name = MinSizeRel;
		};
		A82B719B56AF4C42A214D734 /* Release */ = {
			isa = XCBuildConfiguration;
			buildSettings = {
				COMBINE_HIDPI_IMAGES = YES;
				GCC_GENERATE_DEBUGGING_SYMBOLS = YES;
				GCC_INLINES_ARE_PRIVATE_EXTERN = NO;
				GCC_OPTIMIZATION_LEVEL = 0;
				GCC_PREPROCESSOR_DEFINITIONS = "'CMAKE_INTDIR=\"$(CONFIGURATION)$(EFFECTIVE_PLATFORM_NAME)\"'";
				GCC_SYMBOLS_PRIVATE_EXTERN = NO;
				INSTALL_PATH = "";
				ONLY_ACTIVE_ARCH = YES;
				OTHER_LDFLAGS = "";
				OTHER_REZFLAGS = "";
				PRODUCT_NAME = ALL_BUILD;
				SECTORDER_FLAGS = "";
				SYMROOT = "/Users/zhangyinan/Project/kcp-bulild/MacOSBuild";
				USE_HEADERMAP = NO;
				WARNING_CFLAGS = "$(inherited)";
			};
			name = Release;
		};
		A99F9ABD79F64CF8A64C38C2 /* Release */ = {
			isa = XCBuildConfiguration;
			buildSettings = {
				ARCHS = "$(ARCHS_STANDARD)";
				COMBINE_HIDPI_IMAGES = YES;
				EXECUTABLE_PREFIX = "";
				EXECUTABLE_SUFFIX = "";
				FRAMEWORK_SEARCH_PATHS = "$(inherited)";
				GCC_GENERATE_DEBUGGING_SYMBOLS = NO;
				GCC_INLINES_ARE_PRIVATE_EXTERN = NO;
				GCC_OPTIMIZATION_LEVEL = 3;
				GCC_PREPROCESSOR_DEFINITIONS = (
					"'CMAKE_INTDIR=\"$(CONFIGURATION)$(EFFECTIVE_PLATFORM_NAME)\"'",
					kcp_EXPORTS,
				);
				GCC_SYMBOLS_PRIVATE_EXTERN = NO;
				INFOPLIST_FILE = "/Users/zhangyinan/Project/kcp-bulild/MacOSBuild/CMakeFiles/kcp.dir/Info.plist";
				INSTALL_PATH = "";
				LIBRARY_SEARCH_PATHS = "$(inherited)";
				LIBRARY_STYLE = BUNDLE;
				ONLY_ACTIVE_ARCH = YES;
				OTHER_CFLAGS = (
					"-DNDEBUG",
					"-fPIC",
				);
				OTHER_LDFLAGS = (
					"-bundle",
					"-Wl,-headerpad_max_install_names",
				);
				OTHER_REZFLAGS = "";
				PRODUCT_NAME = kcp;
				SECTORDER_FLAGS = "";
				SYMROOT = "/Users/zhangyinan/Project/kcp-bulild/MacOSBuild";
				USE_HEADERMAP = NO;
				WARNING_CFLAGS = "$(inherited)";
			};
			name = Release;
		};
		D3489EB7362E4DE6A05DA1F2 /* Debug */ = {
			isa = XCBuildConfiguration;
			buildSettings = {
				ARCHS = "$(ARCHS_STANDARD)";
				COMBINE_HIDPI_IMAGES = YES;
				EXECUTABLE_PREFIX = "";
				EXECUTABLE_SUFFIX = "";
				FRAMEWORK_SEARCH_PATHS = "$(inherited)";
				GCC_GENERATE_DEBUGGING_SYMBOLS = YES;
				GCC_INLINES_ARE_PRIVATE_EXTERN = NO;
				GCC_OPTIMIZATION_LEVEL = 0;
				GCC_PREPROCESSOR_DEFINITIONS = (
					"'CMAKE_INTDIR=\"$(CONFIGURATION)$(EFFECTIVE_PLATFORM_NAME)\"'",
					kcp_EXPORTS,
				);
				GCC_SYMBOLS_PRIVATE_EXTERN = NO;
				INFOPLIST_FILE = "/Users/zhangyinan/Project/kcp-bulild/MacOSBuild/CMakeFiles/kcp.dir/Info.plist";
				INSTALL_PATH = "";
				LIBRARY_SEARCH_PATHS = "$(inherited)";
				LIBRARY_STYLE = BUNDLE;
				ONLY_ACTIVE_ARCH = YES;
				OTHER_CFLAGS = "   -fPIC ";
				OTHER_LDFLAGS = (
					"-bundle",
					"-Wl,-headerpad_max_install_names",
				);
				OTHER_REZFLAGS = "";
				PRODUCT_NAME = kcp;
				SECTORDER_FLAGS = "";
				SYMROOT = "/Users/zhangyinan/Project/kcp-bulild/MacOSBuild";
				USE_HEADERMAP = NO;
				WARNING_CFLAGS = "$(inherited)";
			};
			name = Debug;
		};
		E3D6C7AE344B43DEA45C17DF /* RelWithDebInfo */ = {
			isa = XCBuildConfiguration;
			buildSettings = {
				ARCHS = "$(ARCHS_STANDARD)";
				MACOSX_DEPLOYMENT_TARGET = 11.0;
				SDKROOT = /Users/zhangyinan/Downloads/Xcode.app/Contents/Developer/Platforms/MacOSX.platform/Developer/SDKs/MacOSX11.1.sdk;
				SYMROOT = "/Users/zhangyinan/Project/kcp-bulild/MacOSBuild/build";
			};
			name = RelWithDebInfo;
		};
/* End XCBuildConfiguration section */

/* Begin XCConfigurationList section */
		5DB633E1958B40D1A5D421C8 /* Build configuration list for PBXProject "kcp" */ = {
			isa = XCConfigurationList;
			buildConfigurations = (
				7E09A9DF1C2D401DB102CA46 /* Debug */,
				76B692BFE3FE493EADD9F85E /* Release */,
				0CE21501F03F49C98BC18967 /* MinSizeRel */,
				E3D6C7AE344B43DEA45C17DF /* RelWithDebInfo */,
			);
			defaultConfigurationIsVisible = 0;
			defaultConfigurationName = Debug;
		};
		9D28DE57A6E14593A6F8A3B7 /* Build configuration list for PBXAggregateTarget "ALL_BUILD" */ = {
			isa = XCConfigurationList;
			buildConfigurations = (
				5EB5FB42A4F34171B7B05B9F /* Debug */,
				A82B719B56AF4C42A214D734 /* Release */,
				9486B0EBAD4E4668BB3BB586 /* MinSizeRel */,
				18263A89991743E4AF09DB1B /* RelWithDebInfo */,
			);
			defaultConfigurationIsVisible = 0;
			defaultConfigurationName = Debug;
		};
		A8AE7E8BA1334A5A971D4ADD /* Build configuration list for PBXAggregateTarget "ZERO_CHECK" */ = {
			isa = XCConfigurationList;
			buildConfigurations = (
				0DA91E31C85B426088C7909E /* Debug */,
				01F37108E04246E9A0DBF88C /* Release */,
				9D5DA1EC2A1F4D16B331C4C5 /* MinSizeRel */,
				5F5E2BB1960143FDA0B10326 /* RelWithDebInfo */,
			);
			defaultConfigurationIsVisible = 0;
			defaultConfigurationName = Debug;
		};
		BB810C44D75B438BB25D8E11 /* Build configuration list for PBXNativeTarget "kcp" */ = {
			isa = XCConfigurationList;
			buildConfigurations = (
				D3489EB7362E4DE6A05DA1F2 /* Debug */,
				A99F9ABD79F64CF8A64C38C2 /* Release */,
				06EABCB8CC3448B190E4D233 /* MinSizeRel */,
				5292716EB78646DA9CA53679 /* RelWithDebInfo */,
			);
			defaultConfigurationIsVisible = 0;
			defaultConfigurationName = Debug;
		};
/* End XCConfigurationList section */
	};
	rootObject = D5EC753DF81A4CD198D9D538 /* Project object */;
}
